
Microsoft Visual Studio Solution File, Format Version 12.00
# Visual Studio Version 16
VisualStudioVersion = 16.0.30309.148
MinimumVisualStudioVersion = 10.0.40219.1
Project("{FAE04EC0-301F-11D3-BF4B-00C04F79EFBC}") = "BasicFilmDbProject", "BasicFilmDbProject\BasicFilmDbProject.csproj", "{114BBE46-3447-4AD5-BA05-BD0D71EDA641}"
EndProject
Global
	GlobalSection(SolutionConfigurationPlatforms) = preSolution
		Debug|Any CPU = Debug|Any CPU
		Release|Any CPU = Release|Any CPU
	EndGlobalSection
	GlobalSection(ProjectConfigurationPlatforms) = postSolution
		{114BBE46-3447-4AD5-BA05-BD0D71EDA641}.Debug|Any CPU.ActiveCfg = Debug|Any CPU
		{114BBE46-3447-4AD5-BA05-BD0D71EDA641}.Debug|Any CPU.Build.0 = Debug|Any CPU
		{114BBE46-3447-4AD5-BA05-BD0D71EDA641}.Release|Any CPU.ActiveCfg = Release|Any CPU
		{114BBE46-3447-4AD5-BA05-BD0D71EDA641}.Release|Any CPU.Build.0 = Release|Any CPU
	EndGlobalSection
	GlobalSection(SolutionProperties) = preSolution
		HideSolutionNode = FALSE
	EndGlobalSection
	GlobalSection(ExtensibilityGlobals) = postSolution
		SolutionGuid = {1065158D-E113-49B4-8190-AE951C3AAC56}
	EndGlobalSection
EndGlobal
